// !$*UTF8*$!
{
	archiveVersion = 1;
	classes = {
	};
	objectVersion = 51;
	objects = {

/* Begin PBXBuildFile section */
		3E8FCC89C8ED8E197E10A81F /* Pods_ShoppingCalculator.framework in Frameworks */ = {isa = PBXBuildFile; fileRef = 5A9B3DFE99196667A6753643 /* Pods_ShoppingCalculator.framework */; };
		715571F4249C7F9900BAD41E /* URL + storeURL.swift in Sources */ = {isa = PBXBuildFile; fileRef = 7172284F2499DE9D000F622A /* URL + storeURL.swift */; };
		715571F6249C7FB700BAD41E /* UIView + Designable.swift in Sources */ = {isa = PBXBuildFile; fileRef = 715571F5249C7FB700BAD41E /* UIView + Designable.swift */; };
		715571F8249F314700BAD41E /* UIButton + UIColor.swift in Sources */ = {isa = PBXBuildFile; fileRef = 715571F7249F314700BAD41E /* UIButton + UIColor.swift */; };
		7172282D24985B2E000F622A /* AppDelegate.swift in Sources */ = {isa = PBXBuildFile; fileRef = 7172282C24985B2E000F622A /* AppDelegate.swift */; };
		7172282F24985B2E000F622A /* SceneDelegate.swift in Sources */ = {isa = PBXBuildFile; fileRef = 7172282E24985B2E000F622A /* SceneDelegate.swift */; };
		7172283124985B2E000F622A /* ViewController.swift in Sources */ = {isa = PBXBuildFile; fileRef = 7172283024985B2E000F622A /* ViewController.swift */; };
		7172283424985B2E000F622A /* Main.storyboard in Resources */ = {isa = PBXBuildFile; fileRef = 7172283224985B2E000F622A /* Main.storyboard */; };
		7172283724985B2E000F622A /* ShoppingCalculator.xcdatamodeld in Sources */ = {isa = PBXBuildFile; fileRef = 7172283524985B2E000F622A /* ShoppingCalculator.xcdatamodeld */; };
		7172283924985B2F000F622A /* Assets.xcassets in Resources */ = {isa = PBXBuildFile; fileRef = 7172283824985B2F000F622A /* Assets.xcassets */; };
		7172283C24985B2F000F622A /* LaunchScreen.storyboard in Resources */ = {isa = PBXBuildFile; fileRef = 7172283A24985B2F000F622A /* LaunchScreen.storyboard */; };
		717228452499CA51000F622A /* ItemTableViewCell.swift in Sources */ = {isa = PBXBuildFile; fileRef = 717228432499CA51000F622A /* ItemTableViewCell.swift */; };
		717228462499CA51000F622A /* ItemTableViewCell.xib in Resources */ = {isa = PBXBuildFile; fileRef = 717228442499CA51000F622A /* ItemTableViewCell.xib */; };
		717228482499D6BD000F622A /* ViewController + TableView.swift in Sources */ = {isa = PBXBuildFile; fileRef = 717228472499D6BD000F622A /* ViewController + TableView.swift */; };
		7172284A2499DC6C000F622A /* CoreDataManager.swift in Sources */ = {isa = PBXBuildFile; fileRef = 717228492499DC6C000F622A /* CoreDataManager.swift */; };
		7172284C2499DCCE000F622A /* Const.swift in Sources */ = {isa = PBXBuildFile; fileRef = 7172284B2499DCCE000F622A /* Const.swift */; };
		717228542499EF0F000F622A /* UserSetting.swift in Sources */ = {isa = PBXBuildFile; fileRef = 717228532499EF0F000F622A /* UserSetting.swift */; };
		71722856249A3A2E000F622A /* ViewController + UITextFieldDelegate.swift in Sources */ = {isa = PBXBuildFile; fileRef = 71722855249A3A2E000F622A /* ViewController + UITextFieldDelegate.swift */; };
		717E96E624A3C9170032A17A /* String + fractional.swift in Sources */ = {isa = PBXBuildFile; fileRef = 717E96E524A3C9170032A17A /* String + fractional.swift */; };
/* End PBXBuildFile section */

/* Begin PBXFileReference section */
		5A9B3DFE99196667A6753643 /* Pods_ShoppingCalculator.framework */ = {isa = PBXFileReference; explicitFileType = wrapper.framework; includeInIndex = 0; path = Pods_ShoppingCalculator.framework; sourceTree = BUILT_PRODUCTS_DIR; };
		715571F2249C7F4100BAD41E /* ShoppingCalculator.entitlements */ = {isa = PBXFileReference; lastKnownFileType = text.plist.entitlements; path = ShoppingCalculator.entitlements; sourceTree = "<group>"; };
		715571F5249C7FB700BAD41E /* UIView + Designable.swift */ = {isa = PBXFileReference; fileEncoding = 4; lastKnownFileType = sourcecode.swift; name = "UIView + Designable.swift"; path = "ShoppingCalculator/Extentions/UIView + Designable.swift"; sourceTree = SOURCE_ROOT; };
		715571F7249F314700BAD41E /* UIButton + UIColor.swift */ = {isa = PBXFileReference; lastKnownFileType = sourcecode.swift; name = "UIButton + UIColor.swift"; path = "ShoppingCalculator/Extentions/UIButton + UIColor.swift"; sourceTree = SOURCE_ROOT; };
		7172282924985B2E000F622A /* ShoppingCalculator.app */ = {isa = PBXFileReference; explicitFileType = wrapper.application; includeInIndex = 0; path = ShoppingCalculator.app; sourceTree = BUILT_PRODUCTS_DIR; };
		7172282C24985B2E000F622A /* AppDelegate.swift */ = {isa = PBXFileReference; lastKnownFileType = sourcecode.swift; path = AppDelegate.swift; sourceTree = "<group>"; };
		7172282E24985B2E000F622A /* SceneDelegate.swift */ = {isa = PBXFileReference; lastKnownFileType = sourcecode.swift; path = SceneDelegate.swift; sourceTree = "<group>"; };
		7172283024985B2E000F622A /* ViewController.swift */ = {isa = PBXFileReference; lastKnownFileType = sourcecode.swift; path = ViewController.swift; sourceTree = "<group>"; };
		7172283324985B2E000F622A /* Base */ = {isa = PBXFileReference; lastKnownFileType = file.storyboard; name = Base; path = Base.lproj/Main.storyboard; sourceTree = "<group>"; };
		7172283624985B2E000F622A /* MartCalculator.xcdatamodel */ = {isa = PBXFileReference; lastKnownFileType = wrapper.xcdatamodel; path = MartCalculator.xcdatamodel; sourceTree = "<group>"; };
		7172283824985B2F000F622A /* Assets.xcassets */ = {isa = PBXFileReference; lastKnownFileType = folder.assetcatalog; path = Assets.xcassets; sourceTree = "<group>"; };
		7172283B24985B2F000F622A /* Base */ = {isa = PBXFileReference; lastKnownFileType = file.storyboard; name = Base; path = Base.lproj/LaunchScreen.storyboard; sourceTree = "<group>"; };
		7172283D24985B2F000F622A /* Info.plist */ = {isa = PBXFileReference; lastKnownFileType = text.plist.xml; path = Info.plist; sourceTree = "<group>"; };
		717228432499CA51000F622A /* ItemTableViewCell.swift */ = {isa = PBXFileReference; lastKnownFileType = sourcecode.swift; path = ItemTableViewCell.swift; sourceTree = "<group>"; };
		717228442499CA51000F622A /* ItemTableViewCell.xib */ = {isa = PBXFileReference; lastKnownFileType = file.xib; path = ItemTableViewCell.xib; sourceTree = "<group>"; };
		717228472499D6BD000F622A /* ViewController + TableView.swift */ = {isa = PBXFileReference; lastKnownFileType = sourcecode.swift; path = "ViewController + TableView.swift"; sourceTree = "<group>"; };
		717228492499DC6C000F622A /* CoreDataManager.swift */ = {isa = PBXFileReference; lastKnownFileType = sourcecode.swift; path = CoreDataManager.swift; sourceTree = "<group>"; };
		7172284B2499DCCE000F622A /* Const.swift */ = {isa = PBXFileReference; lastKnownFileType = sourcecode.swift; path = Const.swift; sourceTree = "<group>"; };
		7172284F2499DE9D000F622A /* URL + storeURL.swift */ = {isa = PBXFileReference; lastKnownFileType = sourcecode.swift; path = "URL + storeURL.swift"; sourceTree = "<group>"; };
		717228532499EF0F000F622A /* UserSetting.swift */ = {isa = PBXFileReference; lastKnownFileType = sourcecode.swift; path = UserSetting.swift; sourceTree = "<group>"; };
		71722855249A3A2E000F622A /* ViewController + UITextFieldDelegate.swift */ = {isa = PBXFileReference; lastKnownFileType = sourcecode.swift; path = "ViewController + UITextFieldDelegate.swift"; sourceTree = "<group>"; };
		717E96E524A3C9170032A17A /* String + fractional.swift */ = {isa = PBXFileReference; lastKnownFileType = sourcecode.swift; name = "String + fractional.swift"; path = "ShoppingCalculator/Extentions/String + fractional.swift"; sourceTree = SOURCE_ROOT; };
		AA5F3F165C52F6F150945A05 /* Pods-ShoppingCalculator.release.xcconfig */ = {isa = PBXFileReference; includeInIndex = 1; lastKnownFileType = text.xcconfig; name = "Pods-ShoppingCalculator.release.xcconfig"; path = "Target Support Files/Pods-ShoppingCalculator/Pods-ShoppingCalculator.release.xcconfig"; sourceTree = "<group>"; };
		C7A2CE878A251437A16D7CF8 /* Pods-ShoppingCalculator.debug.xcconfig */ = {isa = PBXFileReference; includeInIndex = 1; lastKnownFileType = text.xcconfig; name = "Pods-ShoppingCalculator.debug.xcconfig"; path = "Target Support Files/Pods-ShoppingCalculator/Pods-ShoppingCalculator.debug.xcconfig"; sourceTree = "<group>"; };
/* End PBXFileReference section */

/* Begin PBXFrameworksBuildPhase section */
		7172282624985B2E000F622A /* Frameworks */ = {
			isa = PBXFrameworksBuildPhase;
			buildActionMask = 2147483647;
			files = (
				3E8FCC89C8ED8E197E10A81F /* Pods_ShoppingCalculator.framework in Frameworks */,
			);
			runOnlyForDeploymentPostprocessing = 0;
		};
/* End PBXFrameworksBuildPhase section */

/* Begin PBXGroup section */
		01A3C1129458F019FFDD4306 /* Pods */ = {
			isa = PBXGroup;
			children = (
				C7A2CE878A251437A16D7CF8 /* Pods-ShoppingCalculator.debug.xcconfig */,
				AA5F3F165C52F6F150945A05 /* Pods-ShoppingCalculator.release.xcconfig */,
			);
			path = Pods;
			sourceTree = "<group>";
		};
		7172282024985B2E000F622A = {
			isa = PBXGroup;
			children = (
				7172282B24985B2E000F622A /* ShoppingCalculator */,
				7172282A24985B2E000F622A /* Products */,
				01A3C1129458F019FFDD4306 /* Pods */,
				DB83329F9284A5B71FA255DA /* Frameworks */,
			);
			sourceTree = "<group>";
		};
		7172282A24985B2E000F622A /* Products */ = {
			isa = PBXGroup;
			children = (
				7172282924985B2E000F622A /* ShoppingCalculator.app */,
			);
			name = Products;
			sourceTree = "<group>";
		};
		7172282B24985B2E000F622A /* ShoppingCalculator */ = {
			isa = PBXGroup;
			children = (
				715571F2249C7F4100BAD41E /* ShoppingCalculator.entitlements */,
				7172284E2499DE8F000F622A /* extentions */,
				7172282C24985B2E000F622A /* AppDelegate.swift */,
				7172282E24985B2E000F622A /* SceneDelegate.swift */,
				7172283024985B2E000F622A /* ViewController.swift */,
				71722855249A3A2E000F622A /* ViewController + UITextFieldDelegate.swift */,
				7172283224985B2E000F622A /* Main.storyboard */,
				7172283824985B2F000F622A /* Assets.xcassets */,
				7172283A24985B2F000F622A /* LaunchScreen.storyboard */,
				7172283D24985B2F000F622A /* Info.plist */,
				7172283524985B2E000F622A /* ShoppingCalculator.xcdatamodeld */,
				717228432499CA51000F622A /* ItemTableViewCell.swift */,
				717228442499CA51000F622A /* ItemTableViewCell.xib */,
				717228472499D6BD000F622A /* ViewController + TableView.swift */,
				717228492499DC6C000F622A /* CoreDataManager.swift */,
				7172284B2499DCCE000F622A /* Const.swift */,
				717228532499EF0F000F622A /* UserSetting.swift */,
			);
			path = ShoppingCalculator;
			sourceTree = "<group>";
		};
		7172284E2499DE8F000F622A /* extentions */ = {
			isa = PBXGroup;
			children = (
				715571F5249C7FB700BAD41E /* UIView + Designable.swift */,
				7172284F2499DE9D000F622A /* URL + storeURL.swift */,
				715571F7249F314700BAD41E /* UIButton + UIColor.swift */,
				717E96E524A3C9170032A17A /* String + fractional.swift */,
			);
			path = extentions;
			sourceTree = "<group>";
		};
		DB83329F9284A5B71FA255DA /* Frameworks */ = {
			isa = PBXGroup;
			children = (
				5A9B3DFE99196667A6753643 /* Pods_ShoppingCalculator.framework */,
			);
			name = Frameworks;
			sourceTree = "<group>";
		};
/* End PBXGroup section */

/* Begin PBXNativeTarget section */
		7172282824985B2E000F622A /* ShoppingCalculator */ = {
			isa = PBXNativeTarget;
			buildConfigurationList = 7172284024985B2F000F622A /* Build configuration list for PBXNativeTarget "ShoppingCalculator" */;
			buildPhases = (
				7A70C61A933414B089B9CD39 /* [CP] Check Pods Manifest.lock */,
				7172282524985B2E000F622A /* Sources */,
				7172282624985B2E000F622A /* Frameworks */,
				7172282724985B2E000F622A /* Resources */,
				46D65BA170198799794D636C /* [CP] Embed Pods Frameworks */,
			);
			buildRules = (
			);
			dependencies = (
			);
			name = ShoppingCalculator;
			productName = MartCalculator;
			productReference = 7172282924985B2E000F622A /* ShoppingCalculator.app */;
			productType = "com.apple.product-type.application";
		};
/* End PBXNativeTarget section */

/* Begin PBXProject section */
		7172282124985B2E000F622A /* Project object */ = {
			isa = PBXProject;
			attributes = {
				LastSwiftUpdateCheck = 1150;
				LastUpgradeCheck = 1150;
				ORGANIZATIONNAME = AXI;
				TargetAttributes = {
					7172282824985B2E000F622A = {
						CreatedOnToolsVersion = 11.5;
					};
				};
			};
			buildConfigurationList = 7172282424985B2E000F622A /* Build configuration list for PBXProject "ShoppingCalculator" */;
			compatibilityVersion = "Xcode 9.3";
			developmentRegion = en;
			hasScannedForEncodings = 0;
			knownRegions = (
				en,
				Base,
			);
			mainGroup = 7172282024985B2E000F622A;
			productRefGroup = 7172282A24985B2E000F622A /* Products */;
			projectDirPath = "";
			projectRoot = "";
			targets = (
				7172282824985B2E000F622A /* ShoppingCalculator */,
			);
		};
/* End PBXProject section */

/* Begin PBXResourcesBuildPhase section */
		7172282724985B2E000F622A /* Resources */ = {
			isa = PBXResourcesBuildPhase;
			buildActionMask = 2147483647;
			files = (
				717228462499CA51000F622A /* ItemTableViewCell.xib in Resources */,
				7172283C24985B2F000F622A /* LaunchScreen.storyboard in Resources */,
				7172283924985B2F000F622A /* Assets.xcassets in Resources */,
				7172283424985B2E000F622A /* Main.storyboard in Resources */,
			);
			runOnlyForDeploymentPostprocessing = 0;
		};
/* End PBXResourcesBuildPhase section */

/* Begin PBXShellScriptBuildPhase section */
		46D65BA170198799794D636C /* [CP] Embed Pods Frameworks */ = {
			isa = PBXShellScriptBuildPhase;
			buildActionMask = 2147483647;
			files = (
			);
			inputFileListPaths = (
				"${PODS_ROOT}/Target Support Files/Pods-ShoppingCalculator/Pods-ShoppingCalculator-frameworks-${CONFIGURATION}-input-files.xcfilelist",
			);
			name = "[CP] Embed Pods Frameworks";
			outputFileListPaths = (
				"${PODS_ROOT}/Target Support Files/Pods-ShoppingCalculator/Pods-ShoppingCalculator-frameworks-${CONFIGURATION}-output-files.xcfilelist",
			);
			runOnlyForDeploymentPostprocessing = 0;
			shellPath = /bin/sh;
			shellScript = "\"${PODS_ROOT}/Target Support Files/Pods-ShoppingCalculator/Pods-ShoppingCalculator-frameworks.sh\"\n";
			showEnvVarsInLog = 0;
		};
		7A70C61A933414B089B9CD39 /* [CP] Check Pods Manifest.lock */ = {
			isa = PBXShellScriptBuildPhase;
			buildActionMask = 2147483647;
			files = (
			);
			inputFileListPaths = (
			);
			inputPaths = (
				"${PODS_PODFILE_DIR_PATH}/Podfile.lock",
				"${PODS_ROOT}/Manifest.lock",
			);
			name = "[CP] Check Pods Manifest.lock";
			outputFileListPaths = (
			);
			outputPaths = (
				"$(DERIVED_FILE_DIR)/Pods-ShoppingCalculator-checkManifestLockResult.txt",
			);
			runOnlyForDeploymentPostprocessing = 0;
			shellPath = /bin/sh;
			shellScript = "diff \"${PODS_PODFILE_DIR_PATH}/Podfile.lock\" \"${PODS_ROOT}/Manifest.lock\" > /dev/null\nif [ $? != 0 ] ; then\n    # print error to STDERR\n    echo \"error: The sandbox is not in sync with the Podfile.lock. Run 'pod install' or update your CocoaPods installation.\" >&2\n    exit 1\nfi\n# This output is used by Xcode 'outputs' to avoid re-running this script phase.\necho \"SUCCESS\" > \"${SCRIPT_OUTPUT_FILE_0}\"\n";
			showEnvVarsInLog = 0;
		};
/* End PBXShellScriptBuildPhase section */

/* Begin PBXSourcesBuildPhase section */
		7172282524985B2E000F622A /* Sources */ = {
			isa = PBXSourcesBuildPhase;
			buildActionMask = 2147483647;
			files = (
				7172283124985B2E000F622A /* ViewController.swift in Sources */,
				7172283724985B2E000F622A /* ShoppingCalculator.xcdatamodeld in Sources */,
				715571F6249C7FB700BAD41E /* UIView + Designable.swift in Sources */,
				717228452499CA51000F622A /* ItemTableViewCell.swift in Sources */,
				717228542499EF0F000F622A /* UserSetting.swift in Sources */,
				7172282D24985B2E000F622A /* AppDelegate.swift in Sources */,
				717228482499D6BD000F622A /* ViewController + TableView.swift in Sources */,
				7172284C2499DCCE000F622A /* Const.swift in Sources */,
				715571F8249F314700BAD41E /* UIButton + UIColor.swift in Sources */,
				7172284A2499DC6C000F622A /* CoreDataManager.swift in Sources */,
				717E96E624A3C9170032A17A /* String + fractional.swift in Sources */,
				715571F4249C7F9900BAD41E /* URL + storeURL.swift in Sources */,
				71722856249A3A2E000F622A /* ViewController + UITextFieldDelegate.swift in Sources */,
				7172282F24985B2E000F622A /* SceneDelegate.swift in Sources */,
			);
			runOnlyForDeploymentPostprocessing = 0;
		};
/* End PBXSourcesBuildPhase section */

/* Begin PBXVariantGroup section */
		7172283224985B2E000F622A /* Main.storyboard */ = {
			isa = PBXVariantGroup;
			children = (
				7172283324985B2E000F622A /* Base */,
			);
			name = Main.storyboard;
			sourceTree = "<group>";
		};
		7172283A24985B2F000F622A /* LaunchScreen.storyboard */ = {
			isa = PBXVariantGroup;
			children = (
				7172283B24985B2F000F622A /* Base */,
			);
			name = LaunchScreen.storyboard;
			sourceTree = "<group>";
		};
/* End PBXVariantGroup section */

/* Begin XCBuildConfiguration section */
		7172283E24985B2F000F622A /* Debug */ = {
			isa = XCBuildConfiguration;
			buildSettings = {
				ALWAYS_SEARCH_USER_PATHS = NO;
				CLANG_ANALYZER_NONNULL = YES;
				CLANG_ANALYZER_NUMBER_OBJECT_CONVERSION = YES_AGGRESSIVE;
				CLANG_CXX_LANGUAGE_STANDARD = "gnu++14";
				CLANG_CXX_LIBRARY = "libc++";
				CLANG_ENABLE_MODULES = YES;
				CLANG_ENABLE_OBJC_ARC = YES;
				CLANG_ENABLE_OBJC_WEAK = YES;
				CLANG_WARN_BLOCK_CAPTURE_AUTORELEASING = YES;
				CLANG_WARN_BOOL_CONVERSION = YES;
				CLANG_WARN_COMMA = YES;
				CLANG_WARN_CONSTANT_CONVERSION = YES;
				CLANG_WARN_DEPRECATED_OBJC_IMPLEMENTATIONS = YES;
				CLANG_WARN_DIRECT_OBJC_ISA_USAGE = YES_ERROR;
				CLANG_WARN_DOCUMENTATION_COMMENTS = YES;
				CLANG_WARN_EMPTY_BODY = YES;
				CLANG_WARN_ENUM_CONVERSION = YES;
				CLANG_WARN_INFINITE_RECURSION = YES;
				CLANG_WARN_INT_CONVERSION = YES;
				CLANG_WARN_NON_LITERAL_NULL_CONVERSION = YES;
				CLANG_WARN_OBJC_IMPLICIT_RETAIN_SELF = YES;
				CLANG_WARN_OBJC_LITERAL_CONVERSION = YES;
				CLANG_WARN_OBJC_ROOT_CLASS = YES_ERROR;
				CLANG_WARN_RANGE_LOOP_ANALYSIS = YES;
				CLANG_WARN_STRICT_PROTOTYPES = YES;
				CLANG_WARN_SUSPICIOUS_MOVE = YES;
				CLANG_WARN_UNGUARDED_AVAILABILITY = YES_AGGRESSIVE;
				CLANG_WARN_UNREACHABLE_CODE = YES;
				CLANG_WARN__DUPLICATE_METHOD_MATCH = YES;
				COPY_PHASE_STRIP = NO;
				DEBUG_INFORMATION_FORMAT = dwarf;
				ENABLE_STRICT_OBJC_MSGSEND = YES;
				ENABLE_TESTABILITY = YES;
				GCC_C_LANGUAGE_STANDARD = gnu11;
				GCC_DYNAMIC_NO_PIC = NO;
				GCC_NO_COMMON_BLOCKS = YES;
				GCC_OPTIMIZATION_LEVEL = 0;
				GCC_PREPROCESSOR_DEFINITIONS = (
					"DEBUG=1",
					"$(inherited)",
				);
				GCC_WARN_64_TO_32_BIT_CONVERSION = YES;
				GCC_WARN_ABOUT_RETURN_TYPE = YES_ERROR;
				GCC_WARN_UNDECLARED_SELECTOR = YES;
				GCC_WARN_UNINITIALIZED_AUTOS = YES_AGGRESSIVE;
				GCC_WARN_UNUSED_FUNCTION = YES;
				GCC_WARN_UNUSED_VARIABLE = YES;
				IPHONEOS_DEPLOYMENT_TARGET = 13.5;
				MTL_ENABLE_DEBUG_INFO = INCLUDE_SOURCE;
				MTL_FAST_MATH = YES;
				ONLY_ACTIVE_ARCH = YES;
				SDKROOT = iphoneos;
				SWIFT_ACTIVE_COMPILATION_CONDITIONS = DEBUG;
				SWIFT_OPTIMIZATION_LEVEL = "-Onone";
			};
			name = Debug;
		};
		7172283F24985B2F000F622A /* Release */ = {
			isa = XCBuildConfiguration;
			buildSettings = {
				ALWAYS_SEARCH_USER_PATHS = NO;
				CLANG_ANALYZER_NONNULL = YES;
				CLANG_ANALYZER_NUMBER_OBJECT_CONVERSION = YES_AGGRESSIVE;
				CLANG_CXX_LANGUAGE_STANDARD = "gnu++14";
				CLANG_CXX_LIBRARY = "libc++";
				CLANG_ENABLE_MODULES = YES;
				CLANG_ENABLE_OBJC_ARC = YES;
				CLANG_ENABLE_OBJC_WEAK = YES;
				CLANG_WARN_BLOCK_CAPTURE_AUTORELEASING = YES;
				CLANG_WARN_BOOL_CONVERSION = YES;
				CLANG_WARN_COMMA = YES;
				CLANG_WARN_CONSTANT_CONVERSION = YES;
				CLANG_WARN_DEPRECATED_OBJC_IMPLEMENTATIONS = YES;
				CLANG_WARN_DIRECT_OBJC_ISA_USAGE = YES_ERROR;
				CLANG_WARN_DOCUMENTATION_COMMENTS = YES;
				CLANG_WARN_EMPTY_BODY = YES;
				CLANG_WARN_ENUM_CONVERSION = YES;
				CLANG_WARN_INFINITE_RECURSION = YES;
				CLANG_WARN_INT_CONVERSION = YES;
				CLANG_WARN_NON_LITERAL_NULL_CONVERSION = YES;
				CLANG_WARN_OBJC_IMPLICIT_RETAIN_SELF = YES;
				CLANG_WARN_OBJC_LITERAL_CONVERSION = YES;
				CLANG_WARN_OBJC_ROOT_CLASS = YES_ERROR;
				CLANG_WARN_RANGE_LOOP_ANALYSIS = YES;
				CLANG_WARN_STRICT_PROTOTYPES = YES;
				CLANG_WARN_SUSPICIOUS_MOVE = YES;
				CLANG_WARN_UNGUARDED_AVAILABILITY = YES_AGGRESSIVE;
				CLANG_WARN_UNREACHABLE_CODE = YES;
				CLANG_WARN__DUPLICATE_METHOD_MATCH = YES;
				COPY_PHASE_STRIP = NO;
				DEBUG_INFORMATION_FORMAT = "dwarf-with-dsym";
				ENABLE_NS_ASSERTIONS = NO;
				ENABLE_STRICT_OBJC_MSGSEND = YES;
				GCC_C_LANGUAGE_STANDARD = gnu11;
				GCC_NO_COMMON_BLOCKS = YES;
				GCC_WARN_64_TO_32_BIT_CONVERSION = YES;
				GCC_WARN_ABOUT_RETURN_TYPE = YES_ERROR;
				GCC_WARN_UNDECLARED_SELECTOR = YES;
				GCC_WARN_UNINITIALIZED_AUTOS = YES_AGGRESSIVE;
				GCC_WARN_UNUSED_FUNCTION = YES;
				GCC_WARN_UNUSED_VARIABLE = YES;
				IPHONEOS_DEPLOYMENT_TARGET = 13.5;
				MTL_ENABLE_DEBUG_INFO = NO;
				MTL_FAST_MATH = YES;
				SDKROOT = iphoneos;
				SWIFT_COMPILATION_MODE = wholemodule;
				SWIFT_OPTIMIZATION_LEVEL = "-O";
				VALIDATE_PRODUCT = YES;
			};
			name = Release;
		};
		7172284124985B2F000F622A /* Debug */ = {
			isa = XCBuildConfiguration;
			baseConfigurationReference = C7A2CE878A251437A16D7CF8 /* Pods-ShoppingCalculator.debug.xcconfig */;
			buildSettings = {
				ASSETCATALOG_COMPILER_APPICON_NAME = AppIcon;
				CODE_SIGN_ENTITLEMENTS = ShoppingCalculator/ShoppingCalculator.entitlements;
				CODE_SIGN_STYLE = Automatic;
				DEVELOPMENT_TEAM = 72J2BT27K5;
				INFOPLIST_FILE = "$(SRCROOT)/ShoppingCalculator/Info.plist";
				IPHONEOS_DEPLOYMENT_TARGET = 13.0;
				LD_RUNPATH_SEARCH_PATHS = (
					"$(inherited)",
					"@executable_path/Frameworks",
				);
				PRODUCT_BUNDLE_IDENTIFIER = com.axi.ShoppingCalculator;
				PRODUCT_NAME = ShoppingCalculator;
				SWIFT_VERSION = 5.0;
				TARGETED_DEVICE_FAMILY = 1;
			};
			name = Debug;
		};
		7172284224985B2F000F622A /* Release */ = {
			isa = XCBuildConfiguration;
			baseConfigurationReference = AA5F3F165C52F6F150945A05 /* Pods-ShoppingCalculator.release.xcconfig */;
			buildSettings = {
				ASSETCATALOG_COMPILER_APPICON_NAME = AppIcon;
				CODE_SIGN_ENTITLEMENTS = ShoppingCalculator/ShoppingCalculator.entitlements;
				CODE_SIGN_STYLE = Automatic;
				DEVELOPMENT_TEAM = 72J2BT27K5;
				INFOPLIST_FILE = "$(SRCROOT)/ShoppingCalculator/Info.plist";
				IPHONEOS_DEPLOYMENT_TARGET = 13.0;
				LD_RUNPATH_SEARCH_PATHS = (
					"$(inherited)",
					"@executable_path/Frameworks",
				);
				PRODUCT_BUNDLE_IDENTIFIER = com.axi.ShoppingCalculator;
				PRODUCT_NAME = ShoppingCalculator;
				SWIFT_VERSION = 5.0;
				TARGETED_DEVICE_FAMILY = 1;
			};
			name = Release;
		};
/* End XCBuildConfiguration section */

/* Begin XCConfigurationList section */
		7172282424985B2E000F622A /* Build configuration list for PBXProject "ShoppingCalculator" */ = {
			isa = XCConfigurationList;
			buildConfigurations = (
				7172283E24985B2F000F622A /* Debug */,
				7172283F24985B2F000F622A /* Release */,
			);
			defaultConfigurationIsVisible = 0;
			defaultConfigurationName = Release;
		};
		7172284024985B2F000F622A /* Build configuration list for PBXNativeTarget "ShoppingCalculator" */ = {
			isa = XCConfigurationList;
			buildConfigurations = (
				7172284124985B2F000F622A /* Debug */,
				7172284224985B2F000F622A /* Release */,
			);
			defaultConfigurationIsVisible = 0;
			defaultConfigurationName = Release;
		};
/* End XCConfigurationList section */

/* Begin XCVersionGroup section */
		7172283524985B2E000F622A /* ShoppingCalculator.xcdatamodeld */ = {
			isa = XCVersionGroup;
			children = (
				7172283624985B2E000F622A /* MartCalculator.xcdatamodel */,
			);
			currentVersion = 7172283624985B2E000F622A /* MartCalculator.xcdatamodel */;
			path = ShoppingCalculator.xcdatamodeld;
			sourceTree = "<group>";
			versionGroupType = wrapper.xcdatamodel;
		};
/* End XCVersionGroup section */
	};
	rootObject = 7172282124985B2E000F622A /* Project object */;
}
