// !$*UTF8*$!
{
	archiveVersion = 1;
	classes = {
	};
	objectVersion = 50;
	objects = {

/* Begin PBXBuildFile section */
		7172282D24985B2E000F622A /* AppDelegate.swift in Sources */ = {isa = PBXBuildFile; fileRef = 7172282C24985B2E000F622A /* AppDelegate.swift */; };
		7172282F24985B2E000F622A /* SceneDelegate.swift in Sources */ = {isa = PBXBuildFile; fileRef = 7172282E24985B2E000F622A /* SceneDelegate.swift */; };
		7172283124985B2E000F622A /* ViewController.swift in Sources */ = {isa = PBXBuildFile; fileRef = 7172283024985B2E000F622A /* ViewController.swift */; };
		7172283424985B2E000F622A /* Main.storyboard in Resources */ = {isa = PBXBuildFile; fileRef = 7172283224985B2E000F622A /* Main.storyboard */; };
		7172283724985B2E000F622A /* MartCalculator.xcdatamodeld in Sources */ = {isa = PBXBuildFile; fileRef = 7172283524985B2E000F622A /* MartCalculator.xcdatamodeld */; };
		7172283924985B2F000F622A /* Assets.xcassets in Resources */ = {isa = PBXBuildFile; fileRef = 7172283824985B2F000F622A /* Assets.xcassets */; };
		7172283C24985B2F000F622A /* LaunchScreen.storyboard in Resources */ = {isa = PBXBuildFile; fileRef = 7172283A24985B2F000F622A /* LaunchScreen.storyboard */; };
		717228452499CA51000F622A /* ItemTableViewCell.swift in Sources */ = {isa = PBXBuildFile; fileRef = 717228432499CA51000F622A /* ItemTableViewCell.swift */; };
		717228462499CA51000F622A /* ItemTableViewCell.xib in Resources */ = {isa = PBXBuildFile; fileRef = 717228442499CA51000F622A /* ItemTableViewCell.xib */; };
		717228482499D6BD000F622A /* ViewController + TableView.swift in Sources */ = {isa = PBXBuildFile; fileRef = 717228472499D6BD000F622A /* ViewController + TableView.swift */; };
		7172284A2499DC6C000F622A /* CoreDataManager.swift in Sources */ = {isa = PBXBuildFile; fileRef = 717228492499DC6C000F622A /* CoreDataManager.swift */; };
		7172284C2499DCCE000F622A /* Const.swift in Sources */ = {isa = PBXBuildFile; fileRef = 7172284B2499DCCE000F622A /* Const.swift */; };
		717228502499DE9D000F622A /* URL + storeURL.swift in Sources */ = {isa = PBXBuildFile; fileRef = 7172284F2499DE9D000F622A /* URL + storeURL.swift */; };
		717228522499E330000F622A /* ViewController + NSFetchedResultsControllerDelegate.swift in Sources */ = {isa = PBXBuildFile; fileRef = 717228512499E330000F622A /* ViewController + NSFetchedResultsControllerDelegate.swift */; };
		717228542499EF0F000F622A /* UserSetting.swift in Sources */ = {isa = PBXBuildFile; fileRef = 717228532499EF0F000F622A /* UserSetting.swift */; };
		71722856249A3A2E000F622A /* ViewController + UITextFieldDelegate.swift in Sources */ = {isa = PBXBuildFile; fileRef = 71722855249A3A2E000F622A /* ViewController + UITextFieldDelegate.swift */; };
/* End PBXBuildFile section */

/* Begin PBXFileReference section */
		7172282924985B2E000F622A /* MartCalculator.app */ = {isa = PBXFileReference; explicitFileType = wrapper.application; includeInIndex = 0; path = MartCalculator.app; sourceTree = BUILT_PRODUCTS_DIR; };
		7172282C24985B2E000F622A /* AppDelegate.swift */ = {isa = PBXFileReference; lastKnownFileType = sourcecode.swift; path = AppDelegate.swift; sourceTree = "<group>"; };
		7172282E24985B2E000F622A /* SceneDelegate.swift */ = {isa = PBXFileReference; lastKnownFileType = sourcecode.swift; path = SceneDelegate.swift; sourceTree = "<group>"; };
		7172283024985B2E000F622A /* ViewController.swift */ = {isa = PBXFileReference; lastKnownFileType = sourcecode.swift; path = ViewController.swift; sourceTree = "<group>"; };
		7172283324985B2E000F622A /* Base */ = {isa = PBXFileReference; lastKnownFileType = file.storyboard; name = Base; path = Base.lproj/Main.storyboard; sourceTree = "<group>"; };
		7172283624985B2E000F622A /* MartCalculator.xcdatamodel */ = {isa = PBXFileReference; lastKnownFileType = wrapper.xcdatamodel; path = MartCalculator.xcdatamodel; sourceTree = "<group>"; };
		7172283824985B2F000F622A /* Assets.xcassets */ = {isa = PBXFileReference; lastKnownFileType = folder.assetcatalog; path = Assets.xcassets; sourceTree = "<group>"; };
		7172283B24985B2F000F622A /* Base */ = {isa = PBXFileReference; lastKnownFileType = file.storyboard; name = Base; path = Base.lproj/LaunchScreen.storyboard; sourceTree = "<group>"; };
		7172283D24985B2F000F622A /* Info.plist */ = {isa = PBXFileReference; lastKnownFileType = text.plist.xml; path = Info.plist; sourceTree = "<group>"; };
		717228432499CA51000F622A /* ItemTableViewCell.swift */ = {isa = PBXFileReference; lastKnownFileType = sourcecode.swift; path = ItemTableViewCell.swift; sourceTree = "<group>"; };
		717228442499CA51000F622A /* ItemTableViewCell.xib */ = {isa = PBXFileReference; lastKnownFileType = file.xib; path = ItemTableViewCell.xib; sourceTree = "<group>"; };
		717228472499D6BD000F622A /* ViewController + TableView.swift */ = {isa = PBXFileReference; lastKnownFileType = sourcecode.swift; path = "ViewController + TableView.swift"; sourceTree = "<group>"; };
		717228492499DC6C000F622A /* CoreDataManager.swift */ = {isa = PBXFileReference; lastKnownFileType = sourcecode.swift; path = CoreDataManager.swift; sourceTree = "<group>"; };
		7172284B2499DCCE000F622A /* Const.swift */ = {isa = PBXFileReference; lastKnownFileType = sourcecode.swift; path = Const.swift; sourceTree = "<group>"; };
		7172284D2499DCF4000F622A /* MartCalculator.entitlements */ = {isa = PBXFileReference; lastKnownFileType = text.plist.entitlements; path = MartCalculator.entitlements; sourceTree = "<group>"; };
		7172284F2499DE9D000F622A /* URL + storeURL.swift */ = {isa = PBXFileReference; lastKnownFileType = sourcecode.swift; path = "URL + storeURL.swift"; sourceTree = "<group>"; };
		717228512499E330000F622A /* ViewController + NSFetchedResultsControllerDelegate.swift */ = {isa = PBXFileReference; lastKnownFileType = sourcecode.swift; path = "ViewController + NSFetchedResultsControllerDelegate.swift"; sourceTree = "<group>"; };
		717228532499EF0F000F622A /* UserSetting.swift */ = {isa = PBXFileReference; lastKnownFileType = sourcecode.swift; path = UserSetting.swift; sourceTree = "<group>"; };
		71722855249A3A2E000F622A /* ViewController + UITextFieldDelegate.swift */ = {isa = PBXFileReference; lastKnownFileType = sourcecode.swift; path = "ViewController + UITextFieldDelegate.swift"; sourceTree = "<group>"; };
/* End PBXFileReference section */

/* Begin PBXFrameworksBuildPhase section */
		7172282624985B2E000F622A /* Frameworks */ = {
			isa = PBXFrameworksBuildPhase;
			buildActionMask = 2147483647;
			files = (
			);
			runOnlyForDeploymentPostprocessing = 0;
		};
/* End PBXFrameworksBuildPhase section */

/* Begin PBXGroup section */
		7172282024985B2E000F622A = {
			isa = PBXGroup;
			children = (
				7172282B24985B2E000F622A /* MartCalculator */,
				7172282A24985B2E000F622A /* Products */,
			);
			sourceTree = "<group>";
		};
		7172282A24985B2E000F622A /* Products */ = {
			isa = PBXGroup;
			children = (
				7172282924985B2E000F622A /* MartCalculator.app */,
			);
			name = Products;
			sourceTree = "<group>";
		};
		7172282B24985B2E000F622A /* MartCalculator */ = {
			isa = PBXGroup;
			children = (
				7172284E2499DE8F000F622A /* extentions */,
				7172284D2499DCF4000F622A /* MartCalculator.entitlements */,
				7172282C24985B2E000F622A /* AppDelegate.swift */,
				7172282E24985B2E000F622A /* SceneDelegate.swift */,
				7172283024985B2E000F622A /* ViewController.swift */,
				71722855249A3A2E000F622A /* ViewController + UITextFieldDelegate.swift */,
				7172283224985B2E000F622A /* Main.storyboard */,
				7172283824985B2F000F622A /* Assets.xcassets */,
				7172283A24985B2F000F622A /* LaunchScreen.storyboard */,
				7172283D24985B2F000F622A /* Info.plist */,
				7172283524985B2E000F622A /* MartCalculator.xcdatamodeld */,
				717228432499CA51000F622A /* ItemTableViewCell.swift */,
				717228442499CA51000F622A /* ItemTableViewCell.xib */,
				717228472499D6BD000F622A /* ViewController + TableView.swift */,
				717228492499DC6C000F622A /* CoreDataManager.swift */,
				7172284B2499DCCE000F622A /* Const.swift */,
				717228512499E330000F622A /* ViewController + NSFetchedResultsControllerDelegate.swift */,
				717228532499EF0F000F622A /* UserSetting.swift */,
			);
			path = MartCalculator;
			sourceTree = "<group>";
		};
		7172284E2499DE8F000F622A /* extentions */ = {
			isa = PBXGroup;
			children = (
				7172284F2499DE9D000F622A /* URL + storeURL.swift */,
			);
			path = extentions;
			sourceTree = "<group>";
		};
/* End PBXGroup section */

/* Begin PBXNativeTarget section */
		7172282824985B2E000F622A /* MartCalculator */ = {
			isa = PBXNativeTarget;
			buildConfigurationList = 7172284024985B2F000F622A /* Build configuration list for PBXNativeTarget "MartCalculator" */;
			buildPhases = (
				7172282524985B2E000F622A /* Sources */,
				7172282624985B2E000F622A /* Frameworks */,
				7172282724985B2E000F622A /* Resources */,
			);
			buildRules = (
			);
			dependencies = (
			);
			name = MartCalculator;
			productName = MartCalculator;
			productReference = 7172282924985B2E000F622A /* MartCalculator.app */;
			productType = "com.apple.product-type.application";
		};
/* End PBXNativeTarget section */

/* Begin PBXProject section */
		7172282124985B2E000F622A /* Project object */ = {
			isa = PBXProject;
			attributes = {
				LastSwiftUpdateCheck = 1150;
				LastUpgradeCheck = 1150;
				ORGANIZATIONNAME = AXI;
				TargetAttributes = {
					7172282824985B2E000F622A = {
						CreatedOnToolsVersion = 11.5;
					};
				};
			};
			buildConfigurationList = 7172282424985B2E000F622A /* Build configuration list for PBXProject "MartCalculator" */;
			compatibilityVersion = "Xcode 9.3";
			developmentRegion = en;
			hasScannedForEncodings = 0;
			knownRegions = (
				en,
				Base,
			);
			mainGroup = 7172282024985B2E000F622A;
			productRefGroup = 7172282A24985B2E000F622A /* Products */;
			projectDirPath = "";
			projectRoot = "";
			targets = (
				7172282824985B2E000F622A /* MartCalculator */,
			);
		};
/* End PBXProject section */

/* Begin PBXResourcesBuildPhase section */
		7172282724985B2E000F622A /* Resources */ = {
			isa = PBXResourcesBuildPhase;
			buildActionMask = 2147483647;
			files = (
				717228462499CA51000F622A /* ItemTableViewCell.xib in Resources */,
				7172283C24985B2F000F622A /* LaunchScreen.storyboard in Resources */,
				7172283924985B2F000F622A /* Assets.xcassets in Resources */,
				7172283424985B2E000F622A /* Main.storyboard in Resources */,
			);
			runOnlyForDeploymentPostprocessing = 0;
		};
/* End PBXResourcesBuildPhase section */

/* Begin PBXSourcesBuildPhase section */
		7172282524985B2E000F622A /* Sources */ = {
			isa = PBXSourcesBuildPhase;
			buildActionMask = 2147483647;
			files = (
				7172283124985B2E000F622A /* ViewController.swift in Sources */,
				7172283724985B2E000F622A /* MartCalculator.xcdatamodeld in Sources */,
				717228452499CA51000F622A /* ItemTableViewCell.swift in Sources */,
				717228502499DE9D000F622A /* URL + storeURL.swift in Sources */,
				717228542499EF0F000F622A /* UserSetting.swift in Sources */,
				7172282D24985B2E000F622A /* AppDelegate.swift in Sources */,
				717228482499D6BD000F622A /* ViewController + TableView.swift in Sources */,
				7172284C2499DCCE000F622A /* Const.swift in Sources */,
				7172284A2499DC6C000F622A /* CoreDataManager.swift in Sources */,
				71722856249A3A2E000F622A /* ViewController + UITextFieldDelegate.swift in Sources */,
				7172282F24985B2E000F622A /* SceneDelegate.swift in Sources */,
				717228522499E330000F622A /* ViewController + NSFetchedResultsControllerDelegate.swift in Sources */,
			);
			runOnlyForDeploymentPostprocessing = 0;
		};
/* End PBXSourcesBuildPhase section */

/* Begin PBXVariantGroup section */
		7172283224985B2E000F622A /* Main.storyboard */ = {
			isa = PBXVariantGroup;
			children = (
				7172283324985B2E000F622A /* Base */,
			);
			name = Main.storyboard;
			sourceTree = "<group>";
		};
		7172283A24985B2F000F622A /* LaunchScreen.storyboard */ = {
			isa = PBXVariantGroup;
			children = (
				7172283B24985B2F000F622A /* Base */,
			);
			name = LaunchScreen.storyboard;
			sourceTree = "<group>";
		};
/* End PBXVariantGroup section */

/* Begin XCBuildConfiguration section */
		7172283E24985B2F000F622A /* Debug */ = {
			isa = XCBuildConfiguration;
			buildSettings = {
				ALWAYS_SEARCH_USER_PATHS = NO;
				CLANG_ANALYZER_NONNULL = YES;
				CLANG_ANALYZER_NUMBER_OBJECT_CONVERSION = YES_AGGRESSIVE;
				CLANG_CXX_LANGUAGE_STANDARD = "gnu++14";
				CLANG_CXX_LIBRARY = "libc++";
				CLANG_ENABLE_MODULES = YES;
				CLANG_ENABLE_OBJC_ARC = YES;
				CLANG_ENABLE_OBJC_WEAK = YES;
				CLANG_WARN_BLOCK_CAPTURE_AUTORELEASING = YES;
				CLANG_WARN_BOOL_CONVERSION = YES;
				CLANG_WARN_COMMA = YES;
				CLANG_WARN_CONSTANT_CONVERSION = YES;
				CLANG_WARN_DEPRECATED_OBJC_IMPLEMENTATIONS = YES;
				CLANG_WARN_DIRECT_OBJC_ISA_USAGE = YES_ERROR;
				CLANG_WARN_DOCUMENTATION_COMMENTS = YES;
				CLANG_WARN_EMPTY_BODY = YES;
				CLANG_WARN_ENUM_CONVERSION = YES;
				CLANG_WARN_INFINITE_RECURSION = YES;
				CLANG_WARN_INT_CONVERSION = YES;
				CLANG_WARN_NON_LITERAL_NULL_CONVERSION = YES;
				CLANG_WARN_OBJC_IMPLICIT_RETAIN_SELF = YES;
				CLANG_WARN_OBJC_LITERAL_CONVERSION = YES;
				CLANG_WARN_OBJC_ROOT_CLASS = YES_ERROR;
				CLANG_WARN_RANGE_LOOP_ANALYSIS = YES;
				CLANG_WARN_STRICT_PROTOTYPES = YES;
				CLANG_WARN_SUSPICIOUS_MOVE = YES;
				CLANG_WARN_UNGUARDED_AVAILABILITY = YES_AGGRESSIVE;
				CLANG_WARN_UNREACHABLE_CODE = YES;
				CLANG_WARN__DUPLICATE_METHOD_MATCH = YES;
				COPY_PHASE_STRIP = NO;
				DEBUG_INFORMATION_FORMAT = dwarf;
				ENABLE_STRICT_OBJC_MSGSEND = YES;
				ENABLE_TESTABILITY = YES;
				GCC_C_LANGUAGE_STANDARD = gnu11;
				GCC_DYNAMIC_NO_PIC = NO;
				GCC_NO_COMMON_BLOCKS = YES;
				GCC_OPTIMIZATION_LEVEL = 0;
				GCC_PREPROCESSOR_DEFINITIONS = (
					"DEBUG=1",
					"$(inherited)",
				);
				GCC_WARN_64_TO_32_BIT_CONVERSION = YES;
				GCC_WARN_ABOUT_RETURN_TYPE = YES_ERROR;
				GCC_WARN_UNDECLARED_SELECTOR = YES;
				GCC_WARN_UNINITIALIZED_AUTOS = YES_AGGRESSIVE;
				GCC_WARN_UNUSED_FUNCTION = YES;
				GCC_WARN_UNUSED_VARIABLE = YES;
				IPHONEOS_DEPLOYMENT_TARGET = 13.5;
				MTL_ENABLE_DEBUG_INFO = INCLUDE_SOURCE;
				MTL_FAST_MATH = YES;
				ONLY_ACTIVE_ARCH = YES;
				SDKROOT = iphoneos;
				SWIFT_ACTIVE_COMPILATION_CONDITIONS = DEBUG;
				SWIFT_OPTIMIZATION_LEVEL = "-Onone";
			};
			name = Debug;
		};
		7172283F24985B2F000F622A /* Release */ = {
			isa = XCBuildConfiguration;
			buildSettings = {
				ALWAYS_SEARCH_USER_PATHS = NO;
				CLANG_ANALYZER_NONNULL = YES;
				CLANG_ANALYZER_NUMBER_OBJECT_CONVERSION = YES_AGGRESSIVE;
				CLANG_CXX_LANGUAGE_STANDARD = "gnu++14";
				CLANG_CXX_LIBRARY = "libc++";
				CLANG_ENABLE_MODULES = YES;
				CLANG_ENABLE_OBJC_ARC = YES;
				CLANG_ENABLE_OBJC_WEAK = YES;
				CLANG_WARN_BLOCK_CAPTURE_AUTORELEASING = YES;
				CLANG_WARN_BOOL_CONVERSION = YES;
				CLANG_WARN_COMMA = YES;
				CLANG_WARN_CONSTANT_CONVERSION = YES;
				CLANG_WARN_DEPRECATED_OBJC_IMPLEMENTATIONS = YES;
				CLANG_WARN_DIRECT_OBJC_ISA_USAGE = YES_ERROR;
				CLANG_WARN_DOCUMENTATION_COMMENTS = YES;
				CLANG_WARN_EMPTY_BODY = YES;
				CLANG_WARN_ENUM_CONVERSION = YES;
				CLANG_WARN_INFINITE_RECURSION = YES;
				CLANG_WARN_INT_CONVERSION = YES;
				CLANG_WARN_NON_LITERAL_NULL_CONVERSION = YES;
				CLANG_WARN_OBJC_IMPLICIT_RETAIN_SELF = YES;
				CLANG_WARN_OBJC_LITERAL_CONVERSION = YES;
				CLANG_WARN_OBJC_ROOT_CLASS = YES_ERROR;
				CLANG_WARN_RANGE_LOOP_ANALYSIS = YES;
				CLANG_WARN_STRICT_PROTOTYPES = YES;
				CLANG_WARN_SUSPICIOUS_MOVE = YES;
				CLANG_WARN_UNGUARDED_AVAILABILITY = YES_AGGRESSIVE;
				CLANG_WARN_UNREACHABLE_CODE = YES;
				CLANG_WARN__DUPLICATE_METHOD_MATCH = YES;
				COPY_PHASE_STRIP = NO;
				DEBUG_INFORMATION_FORMAT = "dwarf-with-dsym";
				ENABLE_NS_ASSERTIONS = NO;
				ENABLE_STRICT_OBJC_MSGSEND = YES;
				GCC_C_LANGUAGE_STANDARD = gnu11;
				GCC_NO_COMMON_BLOCKS = YES;
				GCC_WARN_64_TO_32_BIT_CONVERSION = YES;
				GCC_WARN_ABOUT_RETURN_TYPE = YES_ERROR;
				GCC_WARN_UNDECLARED_SELECTOR = YES;
				GCC_WARN_UNINITIALIZED_AUTOS = YES_AGGRESSIVE;
				GCC_WARN_UNUSED_FUNCTION = YES;
				GCC_WARN_UNUSED_VARIABLE = YES;
				IPHONEOS_DEPLOYMENT_TARGET = 13.5;
				MTL_ENABLE_DEBUG_INFO = NO;
				MTL_FAST_MATH = YES;
				SDKROOT = iphoneos;
				SWIFT_COMPILATION_MODE = wholemodule;
				SWIFT_OPTIMIZATION_LEVEL = "-O";
				VALIDATE_PRODUCT = YES;
			};
			name = Release;
		};
		7172284124985B2F000F622A /* Debug */ = {
			isa = XCBuildConfiguration;
			buildSettings = {
				ASSETCATALOG_COMPILER_APPICON_NAME = AppIcon;
				CODE_SIGN_ENTITLEMENTS = MartCalculator/MartCalculator.entitlements;
				CODE_SIGN_STYLE = Automatic;
				DEVELOPMENT_TEAM = 72J2BT27K5;
				INFOPLIST_FILE = MartCalculator/Info.plist;
				LD_RUNPATH_SEARCH_PATHS = (
					"$(inherited)",
					"@executable_path/Frameworks",
				);
				PRODUCT_BUNDLE_IDENTIFIER = com.axi.MartCalculator;
				PRODUCT_NAME = "$(TARGET_NAME)";
				SWIFT_VERSION = 5.0;
				TARGETED_DEVICE_FAMILY = "1,2";
			};
			name = Debug;
		};
		7172284224985B2F000F622A /* Release */ = {
			isa = XCBuildConfiguration;
			buildSettings = {
				ASSETCATALOG_COMPILER_APPICON_NAME = AppIcon;
				CODE_SIGN_ENTITLEMENTS = MartCalculator/MartCalculator.entitlements;
				CODE_SIGN_STYLE = Automatic;
				DEVELOPMENT_TEAM = 72J2BT27K5;
				INFOPLIST_FILE = MartCalculator/Info.plist;
				LD_RUNPATH_SEARCH_PATHS = (
					"$(inherited)",
					"@executable_path/Frameworks",
				);
				PRODUCT_BUNDLE_IDENTIFIER = com.axi.MartCalculator;
				PRODUCT_NAME = "$(TARGET_NAME)";
				SWIFT_VERSION = 5.0;
				TARGETED_DEVICE_FAMILY = "1,2";
			};
			name = Release;
		};
/* End XCBuildConfiguration section */

/* Begin XCConfigurationList section */
		7172282424985B2E000F622A /* Build configuration list for PBXProject "MartCalculator" */ = {
			isa = XCConfigurationList;
			buildConfigurations = (
				7172283E24985B2F000F622A /* Debug */,
				7172283F24985B2F000F622A /* Release */,
			);
			defaultConfigurationIsVisible = 0;
			defaultConfigurationName = Release;
		};
		7172284024985B2F000F622A /* Build configuration list for PBXNativeTarget "MartCalculator" */ = {
			isa = XCConfigurationList;
			buildConfigurations = (
				7172284124985B2F000F622A /* Debug */,
				7172284224985B2F000F622A /* Release */,
			);
			defaultConfigurationIsVisible = 0;
			defaultConfigurationName = Release;
		};
/* End XCConfigurationList section */

/* Begin XCVersionGroup section */
		7172283524985B2E000F622A /* MartCalculator.xcdatamodeld */ = {
			isa = XCVersionGroup;
			children = (
				7172283624985B2E000F622A /* MartCalculator.xcdatamodel */,
			);
			currentVersion = 7172283624985B2E000F622A /* MartCalculator.xcdatamodel */;
			path = MartCalculator.xcdatamodeld;
			sourceTree = "<group>";
			versionGroupType = wrapper.xcdatamodel;
		};
/* End XCVersionGroup section */
	};
	rootObject = 7172282124985B2E000F622A /* Project object */;
}
